
Microsoft Visual Studio Solution File, Format Version 12.00
# Visual Studio Version 17
VisualStudioVersion = 17.5.002.0
MinimumVisualStudioVersion = 10.0.40219.1
Project("{9A19103F-16F7-4668-BE54-9A1E7A4F7556}") = "wag-server", "wag-server\wag-server.csproj", "{0253DB3F-22DC-43FF-8CFE-55251DEB8054}"
EndProject
Global
	GlobalSection(SolutionConfigurationPlatforms) = preSolution
		Debug|Any CPU = Debug|Any CPU
		Release|Any CPU = Release|Any CPU
	EndGlobalSection
	GlobalSection(ProjectConfigurationPlatforms) = postSolution
		{0253DB3F-22DC-43FF-8CFE-55251DEB8054}.Debug|Any CPU.ActiveCfg = Debug|Any CPU
		{0253DB3F-22DC-43FF-8CFE-55251DEB8054}.Debug|Any CPU.Build.0 = Debug|Any CPU
		{0253DB3F-22DC-43FF-8CFE-55251DEB8054}.Release|Any CPU.ActiveCfg = Release|Any CPU
		{0253DB3F-22DC-43FF-8CFE-55251DEB8054}.Release|Any CPU.Build.0 = Release|Any CPU
	EndGlobalSection
	GlobalSection(SolutionProperties) = preSolution
		HideSolutionNode = FALSE
	EndGlobalSection
	GlobalSection(ExtensibilityGlobals) = postSolution
		SolutionGuid = {63DF7F88-638D-4D4D-94B7-3EA2B40781CE}
	EndGlobalSection
EndGlobal
